
Microsoft Visual Studio Solution File, Format Version 12.00
# Visual Studio Version 17
VisualStudioVersion = 17.1.32319.34
MinimumVisualStudioVersion = 10.0.40219.1
Project("{FAE04EC0-301F-11D3-BF4B-00C04F79EFBC}") = "ConsoleApp8", "ConsoleApp8\ConsoleApp8.csproj", "{A91F3EE1-D89A-48AB-AC17-2F472A97040E}"
EndProject
Global
	GlobalSection(SolutionConfigurationPlatforms) = preSolution
		Debug|Any CPU = Debug|Any CPU
		Release|Any CPU = Release|Any CPU
	EndGlobalSection
	GlobalSection(ProjectConfigurationPlatforms) = postSolution
		{A91F3EE1-D89A-48AB-AC17-2F472A97040E}.Debug|Any CPU.ActiveCfg = Debug|Any CPU
		{A91F3EE1-D89A-48AB-AC17-2F472A97040E}.Debug|Any CPU.Build.0 = Debug|Any CPU
		{A91F3EE1-D89A-48AB-AC17-2F472A97040E}.Release|Any CPU.ActiveCfg = Release|Any CPU
		{A91F3EE1-D89A-48AB-AC17-2F472A97040E}.Release|Any CPU.Build.0 = Release|Any CPU
	EndGlobalSection
	GlobalSection(SolutionProperties) = preSolution
		HideSolutionNode = FALSE
	EndGlobalSection
	GlobalSection(ExtensibilityGlobals) = postSolution
		SolutionGuid = {35D1DBF4-655B-4F86-B816-F434A02DB9BB}
	EndGlobalSection
EndGlobal
